// !$*UTF8*$!
{
	archiveVersion = 1;
	classes = {
	};
	objectVersion = 55;
	objects = {

/* Begin PBXBuildFile section */
		2109CD1A6BD4AAB495709AC1 /* Pods_SelfMemoTests.framework in Frameworks */ = {isa = PBXBuildFile; fileRef = C9E85DF42707FFC60A005BFD /* Pods_SelfMemoTests.framework */; };
		5BE7E1452A1FD475D08CCB76 /* Pods_SelfMemo.framework in Frameworks */ = {isa = PBXBuildFile; fileRef = AFF8CAFB635F0892C8739AE8 /* Pods_SelfMemo.framework */; };
		9A2EDB5067D22C6715627706 /* Pods_SelfMemo_SelfMemoUITests.framework in Frameworks */ = {isa = PBXBuildFile; fileRef = 9649A3B07AD6A21B4B901801 /* Pods_SelfMemo_SelfMemoUITests.framework */; };
		F52B10FC277D999D000099B8 /* AddView.swift in Sources */ = {isa = PBXBuildFile; fileRef = F52B10FB277D999D000099B8 /* AddView.swift */; };
		F5A65976277B424400BAFA3C /* SelfMemoApp.swift in Sources */ = {isa = PBXBuildFile; fileRef = F5A65975277B424400BAFA3C /* SelfMemoApp.swift */; };
		F5A65978277B424400BAFA3C /* ContentView.swift in Sources */ = {isa = PBXBuildFile; fileRef = F5A65977277B424400BAFA3C /* ContentView.swift */; };
		F5A6597A277B424600BAFA3C /* Assets.xcassets in Resources */ = {isa = PBXBuildFile; fileRef = F5A65979277B424600BAFA3C /* Assets.xcassets */; };
		F5A6597D277B424600BAFA3C /* Preview Assets.xcassets in Resources */ = {isa = PBXBuildFile; fileRef = F5A6597C277B424600BAFA3C /* Preview Assets.xcassets */; };
		F5A65987277B424600BAFA3C /* SelfMemoTests.swift in Sources */ = {isa = PBXBuildFile; fileRef = F5A65986277B424600BAFA3C /* SelfMemoTests.swift */; };
		F5A65991277B424600BAFA3C /* SelfMemoUITests.swift in Sources */ = {isa = PBXBuildFile; fileRef = F5A65990277B424600BAFA3C /* SelfMemoUITests.swift */; };
		F5A65993277B424600BAFA3C /* SelfMemoUITestsLaunchTests.swift in Sources */ = {isa = PBXBuildFile; fileRef = F5A65992277B424600BAFA3C /* SelfMemoUITestsLaunchTests.swift */; };
		F5A659AA277C501900BAFA3C /* SelfMemo.swift in Sources */ = {isa = PBXBuildFile; fileRef = F5A659A9277C501900BAFA3C /* SelfMemo.swift */; };
		F5A659AC277C502500BAFA3C /* ListView.swift in Sources */ = {isa = PBXBuildFile; fileRef = F5A659AB277C502500BAFA3C /* ListView.swift */; };
		F5A659AE277C505800BAFA3C /* ListViewModel.swift in Sources */ = {isa = PBXBuildFile; fileRef = F5A659AD277C505800BAFA3C /* ListViewModel.swift */; };
		F5AB6912277EB00B00C96F59 /* plus.png in Resources */ = {isa = PBXBuildFile; fileRef = F5AB6911277EB00B00C96F59 /* plus.png */; };
		F5AB6914277EFFBB00C96F59 /* SettingView.swift in Sources */ = {isa = PBXBuildFile; fileRef = F5AB6913277EFFBB00C96F59 /* SettingView.swift */; };
/* End PBXBuildFile section */

/* Begin PBXContainerItemProxy section */
		F5A65983277B424600BAFA3C /* PBXContainerItemProxy */ = {
			isa = PBXContainerItemProxy;
			containerPortal = F5A6596A277B424400BAFA3C /* Project object */;
			proxyType = 1;
			remoteGlobalIDString = F5A65971277B424400BAFA3C;
			remoteInfo = SelfMemo;
		};
		F5A6598D277B424600BAFA3C /* PBXContainerItemProxy */ = {
			isa = PBXContainerItemProxy;
			containerPortal = F5A6596A277B424400BAFA3C /* Project object */;
			proxyType = 1;
			remoteGlobalIDString = F5A65971277B424400BAFA3C;
			remoteInfo = SelfMemo;
		};
/* End PBXContainerItemProxy section */

/* Begin PBXFileReference section */
		3DC6208983277FE25B0A5199 /* Pods-SelfMemo-SelfMemoUITests.release.xcconfig */ = {isa = PBXFileReference; includeInIndex = 1; lastKnownFileType = text.xcconfig; name = "Pods-SelfMemo-SelfMemoUITests.release.xcconfig"; path = "Target Support Files/Pods-SelfMemo-SelfMemoUITests/Pods-SelfMemo-SelfMemoUITests.release.xcconfig"; sourceTree = "<group>"; };
		53E569A63611087809C54466 /* Pods-SelfMemoTests.release.xcconfig */ = {isa = PBXFileReference; includeInIndex = 1; lastKnownFileType = text.xcconfig; name = "Pods-SelfMemoTests.release.xcconfig"; path = "Target Support Files/Pods-SelfMemoTests/Pods-SelfMemoTests.release.xcconfig"; sourceTree = "<group>"; };
		5A36D435CA701CC31F35BBD4 /* Pods-SelfMemoTests.debug.xcconfig */ = {isa = PBXFileReference; includeInIndex = 1; lastKnownFileType = text.xcconfig; name = "Pods-SelfMemoTests.debug.xcconfig"; path = "Target Support Files/Pods-SelfMemoTests/Pods-SelfMemoTests.debug.xcconfig"; sourceTree = "<group>"; };
		61C1A969A920004C1C87375B /* Pods-SelfMemo-SelfMemoUITests.debug.xcconfig */ = {isa = PBXFileReference; includeInIndex = 1; lastKnownFileType = text.xcconfig; name = "Pods-SelfMemo-SelfMemoUITests.debug.xcconfig"; path = "Target Support Files/Pods-SelfMemo-SelfMemoUITests/Pods-SelfMemo-SelfMemoUITests.debug.xcconfig"; sourceTree = "<group>"; };
		6C55234E08A53D3957E98C50 /* Pods-SelfMemo.release.xcconfig */ = {isa = PBXFileReference; includeInIndex = 1; lastKnownFileType = text.xcconfig; name = "Pods-SelfMemo.release.xcconfig"; path = "Target Support Files/Pods-SelfMemo/Pods-SelfMemo.release.xcconfig"; sourceTree = "<group>"; };
		9649A3B07AD6A21B4B901801 /* Pods_SelfMemo_SelfMemoUITests.framework */ = {isa = PBXFileReference; explicitFileType = wrapper.framework; includeInIndex = 0; path = Pods_SelfMemo_SelfMemoUITests.framework; sourceTree = BUILT_PRODUCTS_DIR; };
		AFF8CAFB635F0892C8739AE8 /* Pods_SelfMemo.framework */ = {isa = PBXFileReference; explicitFileType = wrapper.framework; includeInIndex = 0; path = Pods_SelfMemo.framework; sourceTree = BUILT_PRODUCTS_DIR; };
		C9E85DF42707FFC60A005BFD /* Pods_SelfMemoTests.framework */ = {isa = PBXFileReference; explicitFileType = wrapper.framework; includeInIndex = 0; path = Pods_SelfMemoTests.framework; sourceTree = BUILT_PRODUCTS_DIR; };
		F52B10FB277D999D000099B8 /* AddView.swift */ = {isa = PBXFileReference; lastKnownFileType = sourcecode.swift; path = AddView.swift; sourceTree = "<group>"; };
		F5A65972277B424400BAFA3C /* SelfMemo.app */ = {isa = PBXFileReference; explicitFileType = wrapper.application; includeInIndex = 0; path = SelfMemo.app; sourceTree = BUILT_PRODUCTS_DIR; };
		F5A65975277B424400BAFA3C /* SelfMemoApp.swift */ = {isa = PBXFileReference; lastKnownFileType = sourcecode.swift; path = SelfMemoApp.swift; sourceTree = "<group>"; };
		F5A65977277B424400BAFA3C /* ContentView.swift */ = {isa = PBXFileReference; lastKnownFileType = sourcecode.swift; path = ContentView.swift; sourceTree = "<group>"; };
		F5A65979277B424600BAFA3C /* Assets.xcassets */ = {isa = PBXFileReference; lastKnownFileType = folder.assetcatalog; path = Assets.xcassets; sourceTree = "<group>"; };
		F5A6597C277B424600BAFA3C /* Preview Assets.xcassets */ = {isa = PBXFileReference; lastKnownFileType = folder.assetcatalog; path = "Preview Assets.xcassets"; sourceTree = "<group>"; };
		F5A65982277B424600BAFA3C /* SelfMemoTests.xctest */ = {isa = PBXFileReference; explicitFileType = wrapper.cfbundle; includeInIndex = 0; path = SelfMemoTests.xctest; sourceTree = BUILT_PRODUCTS_DIR; };
		F5A65986277B424600BAFA3C /* SelfMemoTests.swift */ = {isa = PBXFileReference; lastKnownFileType = sourcecode.swift; path = SelfMemoTests.swift; sourceTree = "<group>"; };
		F5A6598C277B424600BAFA3C /* SelfMemoUITests.xctest */ = {isa = PBXFileReference; explicitFileType = wrapper.cfbundle; includeInIndex = 0; path = SelfMemoUITests.xctest; sourceTree = BUILT_PRODUCTS_DIR; };
		F5A65990277B424600BAFA3C /* SelfMemoUITests.swift */ = {isa = PBXFileReference; lastKnownFileType = sourcecode.swift; path = SelfMemoUITests.swift; sourceTree = "<group>"; };
		F5A65992277B424600BAFA3C /* SelfMemoUITestsLaunchTests.swift */ = {isa = PBXFileReference; lastKnownFileType = sourcecode.swift; path = SelfMemoUITestsLaunchTests.swift; sourceTree = "<group>"; };
		F5A659A9277C501900BAFA3C /* SelfMemo.swift */ = {isa = PBXFileReference; lastKnownFileType = sourcecode.swift; path = SelfMemo.swift; sourceTree = "<group>"; };
		F5A659AB277C502500BAFA3C /* ListView.swift */ = {isa = PBXFileReference; lastKnownFileType = sourcecode.swift; path = ListView.swift; sourceTree = "<group>"; };
		F5A659AD277C505800BAFA3C /* ListViewModel.swift */ = {isa = PBXFileReference; lastKnownFileType = sourcecode.swift; path = ListViewModel.swift; sourceTree = "<group>"; };
		F5AB6911277EB00B00C96F59 /* plus.png */ = {isa = PBXFileReference; lastKnownFileType = image.png; path = plus.png; sourceTree = "<group>"; };
		F5AB6913277EFFBB00C96F59 /* SettingView.swift */ = {isa = PBXFileReference; lastKnownFileType = sourcecode.swift; path = SettingView.swift; sourceTree = "<group>"; };
		FF492FDA09F4854AC1FAA5F4 /* Pods-SelfMemo.debug.xcconfig */ = {isa = PBXFileReference; includeInIndex = 1; lastKnownFileType = text.xcconfig; name = "Pods-SelfMemo.debug.xcconfig"; path = "Target Support Files/Pods-SelfMemo/Pods-SelfMemo.debug.xcconfig"; sourceTree = "<group>"; };
/* End PBXFileReference section */

/* Begin PBXFrameworksBuildPhase section */
		F5A6596F277B424400BAFA3C /* Frameworks */ = {
			isa = PBXFrameworksBuildPhase;
			buildActionMask = 2147483647;
			files = (
				5BE7E1452A1FD475D08CCB76 /* Pods_SelfMemo.framework in Frameworks */,
			);
			runOnlyForDeploymentPostprocessing = 0;
		};
		F5A6597F277B424600BAFA3C /* Frameworks */ = {
			isa = PBXFrameworksBuildPhase;
			buildActionMask = 2147483647;
			files = (
				2109CD1A6BD4AAB495709AC1 /* Pods_SelfMemoTests.framework in Frameworks */,
			);
			runOnlyForDeploymentPostprocessing = 0;
		};
		F5A65989277B424600BAFA3C /* Frameworks */ = {
			isa = PBXFrameworksBuildPhase;
			buildActionMask = 2147483647;
			files = (
				9A2EDB5067D22C6715627706 /* Pods_SelfMemo_SelfMemoUITests.framework in Frameworks */,
			);
			runOnlyForDeploymentPostprocessing = 0;
		};
/* End PBXFrameworksBuildPhase section */

/* Begin PBXGroup section */
		7E5C56DF294BBCB5F566C340 /* Pods */ = {
			isa = PBXGroup;
			children = (
				FF492FDA09F4854AC1FAA5F4 /* Pods-SelfMemo.debug.xcconfig */,
				6C55234E08A53D3957E98C50 /* Pods-SelfMemo.release.xcconfig */,
				61C1A969A920004C1C87375B /* Pods-SelfMemo-SelfMemoUITests.debug.xcconfig */,
				3DC6208983277FE25B0A5199 /* Pods-SelfMemo-SelfMemoUITests.release.xcconfig */,
				5A36D435CA701CC31F35BBD4 /* Pods-SelfMemoTests.debug.xcconfig */,
				53E569A63611087809C54466 /* Pods-SelfMemoTests.release.xcconfig */,
			);
			path = Pods;
			sourceTree = "<group>";
		};
		C81263F37572300E36FE8623 /* Frameworks */ = {
			isa = PBXGroup;
			children = (
				AFF8CAFB635F0892C8739AE8 /* Pods_SelfMemo.framework */,
				9649A3B07AD6A21B4B901801 /* Pods_SelfMemo_SelfMemoUITests.framework */,
				C9E85DF42707FFC60A005BFD /* Pods_SelfMemoTests.framework */,
			);
			name = Frameworks;
			sourceTree = "<group>";
		};
		F5A65969277B424400BAFA3C = {
			isa = PBXGroup;
			children = (
				F5A65974277B424400BAFA3C /* SelfMemo */,
				F5A65985277B424600BAFA3C /* SelfMemoTests */,
				F5A6598F277B424600BAFA3C /* SelfMemoUITests */,
				F5A65973277B424400BAFA3C /* Products */,
				7E5C56DF294BBCB5F566C340 /* Pods */,
				C81263F37572300E36FE8623 /* Frameworks */,
			);
			sourceTree = "<group>";
		};
		F5A65973277B424400BAFA3C /* Products */ = {
			isa = PBXGroup;
			children = (
				F5A65972277B424400BAFA3C /* SelfMemo.app */,
				F5A65982277B424600BAFA3C /* SelfMemoTests.xctest */,
				F5A6598C277B424600BAFA3C /* SelfMemoUITests.xctest */,
			);
			name = Products;
			sourceTree = "<group>";
		};
		F5A65974277B424400BAFA3C /* SelfMemo */ = {
			isa = PBXGroup;
			children = (
				F5AB6910277EAF8500C96F59 /* Image */,
				F5A659A8277C500200BAFA3C /* ViewModel */,
				F5A659A7277C4FF500BAFA3C /* View */,
				F5A659A6277C4FEE00BAFA3C /* Model */,
				F5A65975277B424400BAFA3C /* SelfMemoApp.swift */,
				F5A65977277B424400BAFA3C /* ContentView.swift */,
				F5A65979277B424600BAFA3C /* Assets.xcassets */,
				F5A6597B277B424600BAFA3C /* Preview Content */,
			);
			path = SelfMemo;
			sourceTree = "<group>";
		};
		F5A6597B277B424600BAFA3C /* Preview Content */ = {
			isa = PBXGroup;
			children = (
				F5A6597C277B424600BAFA3C /* Preview Assets.xcassets */,
			);
			path = "Preview Content";
			sourceTree = "<group>";
		};
		F5A65985277B424600BAFA3C /* SelfMemoTests */ = {
			isa = PBXGroup;
			children = (
				F5A65986277B424600BAFA3C /* SelfMemoTests.swift */,
			);
			path = SelfMemoTests;
			sourceTree = "<group>";
		};
		F5A6598F277B424600BAFA3C /* SelfMemoUITests */ = {
			isa = PBXGroup;
			children = (
				F5A65990277B424600BAFA3C /* SelfMemoUITests.swift */,
				F5A65992277B424600BAFA3C /* SelfMemoUITestsLaunchTests.swift */,
			);
			path = SelfMemoUITests;
			sourceTree = "<group>";
		};
		F5A659A6277C4FEE00BAFA3C /* Model */ = {
			isa = PBXGroup;
			children = (
				F5A659A9277C501900BAFA3C /* SelfMemo.swift */,
			);
			path = Model;
			sourceTree = "<group>";
		};
		F5A659A7277C4FF500BAFA3C /* View */ = {
			isa = PBXGroup;
			children = (
				F5A659AB277C502500BAFA3C /* ListView.swift */,
				F52B10FB277D999D000099B8 /* AddView.swift */,
				F5AB6913277EFFBB00C96F59 /* SettingView.swift */,
			);
			path = View;
			sourceTree = "<group>";
		};
		F5A659A8277C500200BAFA3C /* ViewModel */ = {
			isa = PBXGroup;
			children = (
				F5A659AD277C505800BAFA3C /* ListViewModel.swift */,
			);
			path = ViewModel;
			sourceTree = "<group>";
		};
		F5AB6910277EAF8500C96F59 /* Image */ = {
			isa = PBXGroup;
			children = (
				F5AB6911277EB00B00C96F59 /* plus.png */,
			);
			path = Image;
			sourceTree = "<group>";
		};
/* End PBXGroup section */

/* Begin PBXNativeTarget section */
		F5A65971277B424400BAFA3C /* SelfMemo */ = {
			isa = PBXNativeTarget;
			buildConfigurationList = F5A65996277B424600BAFA3C /* Build configuration list for PBXNativeTarget "SelfMemo" */;
			buildPhases = (
				66DB1A6A9CFC719C1CA8BBE3 /* [CP] Check Pods Manifest.lock */,
				F5A6596E277B424400BAFA3C /* Sources */,
				F5A6596F277B424400BAFA3C /* Frameworks */,
				F5A65970277B424400BAFA3C /* Resources */,
				0DDBBF6E42DBDAFDE0A6FACB /* [CP] Embed Pods Frameworks */,
			);
			buildRules = (
			);
			dependencies = (
			);
			name = SelfMemo;
			productName = SelfMemo;
			productReference = F5A65972277B424400BAFA3C /* SelfMemo.app */;
			productType = "com.apple.product-type.application";
		};
		F5A65981277B424600BAFA3C /* SelfMemoTests */ = {
			isa = PBXNativeTarget;
			buildConfigurationList = F5A65999277B424600BAFA3C /* Build configuration list for PBXNativeTarget "SelfMemoTests" */;
			buildPhases = (
				AECEBD259107CDF7B0C9B528 /* [CP] Check Pods Manifest.lock */,
				F5A6597E277B424600BAFA3C /* Sources */,
				F5A6597F277B424600BAFA3C /* Frameworks */,
				F5A65980277B424600BAFA3C /* Resources */,
			);
			buildRules = (
			);
			dependencies = (
				F5A65984277B424600BAFA3C /* PBXTargetDependency */,
			);
			name = SelfMemoTests;
			productName = SelfMemoTests;
			productReference = F5A65982277B424600BAFA3C /* SelfMemoTests.xctest */;
			productType = "com.apple.product-type.bundle.unit-test";
		};
		F5A6598B277B424600BAFA3C /* SelfMemoUITests */ = {
			isa = PBXNativeTarget;
			buildConfigurationList = F5A6599C277B424600BAFA3C /* Build configuration list for PBXNativeTarget "SelfMemoUITests" */;
			buildPhases = (
				922BB6898C1898CC11C985D8 /* [CP] Check Pods Manifest.lock */,
				F5A65988277B424600BAFA3C /* Sources */,
				F5A65989277B424600BAFA3C /* Frameworks */,
				F5A6598A277B424600BAFA3C /* Resources */,
				215D6F0BA02FF6FC4088E4DB /* [CP] Embed Pods Frameworks */,
			);
			buildRules = (
			);
			dependencies = (
				F5A6598E277B424600BAFA3C /* PBXTargetDependency */,
			);
			name = SelfMemoUITests;
			productName = SelfMemoUITests;
			productReference = F5A6598C277B424600BAFA3C /* SelfMemoUITests.xctest */;
			productType = "com.apple.product-type.bundle.ui-testing";
		};
/* End PBXNativeTarget section */

/* Begin PBXProject section */
		F5A6596A277B424400BAFA3C /* Project object */ = {
			isa = PBXProject;
			attributes = {
				BuildIndependentTargetsInParallel = 1;
				LastSwiftUpdateCheck = 1310;
				LastUpgradeCheck = 1310;
				TargetAttributes = {
					F5A65971277B424400BAFA3C = {
						CreatedOnToolsVersion = 13.1;
					};
					F5A65981277B424600BAFA3C = {
						CreatedOnToolsVersion = 13.1;
						TestTargetID = F5A65971277B424400BAFA3C;
					};
					F5A6598B277B424600BAFA3C = {
						CreatedOnToolsVersion = 13.1;
						TestTargetID = F5A65971277B424400BAFA3C;
					};
				};
			};
			buildConfigurationList = F5A6596D277B424400BAFA3C /* Build configuration list for PBXProject "SelfMemo" */;
			compatibilityVersion = "Xcode 13.0";
			developmentRegion = en;
			hasScannedForEncodings = 0;
			knownRegions = (
				en,
				Base,
			);
			mainGroup = F5A65969277B424400BAFA3C;
			productRefGroup = F5A65973277B424400BAFA3C /* Products */;
			projectDirPath = "";
			projectRoot = "";
			targets = (
				F5A65971277B424400BAFA3C /* SelfMemo */,
				F5A65981277B424600BAFA3C /* SelfMemoTests */,
				F5A6598B277B424600BAFA3C /* SelfMemoUITests */,
			);
		};
/* End PBXProject section */

/* Begin PBXResourcesBuildPhase section */
		F5A65970277B424400BAFA3C /* Resources */ = {
			isa = PBXResourcesBuildPhase;
			buildActionMask = 2147483647;
			files = (
				F5A6597D277B424600BAFA3C /* Preview Assets.xcassets in Resources */,
				F5A6597A277B424600BAFA3C /* Assets.xcassets in Resources */,
				F5AB6912277EB00B00C96F59 /* plus.png in Resources */,
			);
			runOnlyForDeploymentPostprocessing = 0;
		};
		F5A65980277B424600BAFA3C /* Resources */ = {
			isa = PBXResourcesBuildPhase;
			buildActionMask = 2147483647;
			files = (
			);
			runOnlyForDeploymentPostprocessing = 0;
		};
		F5A6598A277B424600BAFA3C /* Resources */ = {
			isa = PBXResourcesBuildPhase;
			buildActionMask = 2147483647;
			files = (
			);
			runOnlyForDeploymentPostprocessing = 0;
		};
/* End PBXResourcesBuildPhase section */

/* Begin PBXShellScriptBuildPhase section */
		0DDBBF6E42DBDAFDE0A6FACB /* [CP] Embed Pods Frameworks */ = {
			isa = PBXShellScriptBuildPhase;
			buildActionMask = 2147483647;
			files = (
			);
			inputFileListPaths = (
				"${PODS_ROOT}/Target Support Files/Pods-SelfMemo/Pods-SelfMemo-frameworks-${CONFIGURATION}-input-files.xcfilelist",
			);
			name = "[CP] Embed Pods Frameworks";
			outputFileListPaths = (
				"${PODS_ROOT}/Target Support Files/Pods-SelfMemo/Pods-SelfMemo-frameworks-${CONFIGURATION}-output-files.xcfilelist",
			);
			runOnlyForDeploymentPostprocessing = 0;
			shellPath = /bin/sh;
			shellScript = "\"${PODS_ROOT}/Target Support Files/Pods-SelfMemo/Pods-SelfMemo-frameworks.sh\"\n";
			showEnvVarsInLog = 0;
		};
		215D6F0BA02FF6FC4088E4DB /* [CP] Embed Pods Frameworks */ = {
			isa = PBXShellScriptBuildPhase;
			buildActionMask = 2147483647;
			files = (
			);
			inputFileListPaths = (
				"${PODS_ROOT}/Target Support Files/Pods-SelfMemo-SelfMemoUITests/Pods-SelfMemo-SelfMemoUITests-frameworks-${CONFIGURATION}-input-files.xcfilelist",
			);
			name = "[CP] Embed Pods Frameworks";
			outputFileListPaths = (
				"${PODS_ROOT}/Target Support Files/Pods-SelfMemo-SelfMemoUITests/Pods-SelfMemo-SelfMemoUITests-frameworks-${CONFIGURATION}-output-files.xcfilelist",
			);
			runOnlyForDeploymentPostprocessing = 0;
			shellPath = /bin/sh;
			shellScript = "\"${PODS_ROOT}/Target Support Files/Pods-SelfMemo-SelfMemoUITests/Pods-SelfMemo-SelfMemoUITests-frameworks.sh\"\n";
			showEnvVarsInLog = 0;
		};
		66DB1A6A9CFC719C1CA8BBE3 /* [CP] Check Pods Manifest.lock */ = {
			isa = PBXShellScriptBuildPhase;
			buildActionMask = 2147483647;
			files = (
			);
			inputFileListPaths = (
			);
			inputPaths = (
				"${PODS_PODFILE_DIR_PATH}/Podfile.lock",
				"${PODS_ROOT}/Manifest.lock",
			);
			name = "[CP] Check Pods Manifest.lock";
			outputFileListPaths = (
			);
			outputPaths = (
				"$(DERIVED_FILE_DIR)/Pods-SelfMemo-checkManifestLockResult.txt",
			);
			runOnlyForDeploymentPostprocessing = 0;
			shellPath = /bin/sh;
			shellScript = "diff \"${PODS_PODFILE_DIR_PATH}/Podfile.lock\" \"${PODS_ROOT}/Manifest.lock\" > /dev/null\nif [ $? != 0 ] ; then\n    # print error to STDERR\n    echo \"error: The sandbox is not in sync with the Podfile.lock. Run 'pod install' or update your CocoaPods installation.\" >&2\n    exit 1\nfi\n# This output is used by Xcode 'outputs' to avoid re-running this script phase.\necho \"SUCCESS\" > \"${SCRIPT_OUTPUT_FILE_0}\"\n";
			showEnvVarsInLog = 0;
		};
		922BB6898C1898CC11C985D8 /* [CP] Check Pods Manifest.lock */ = {
			isa = PBXShellScriptBuildPhase;
			buildActionMask = 2147483647;
			files = (
			);
			inputFileListPaths = (
			);
			inputPaths = (
				"${PODS_PODFILE_DIR_PATH}/Podfile.lock",
				"${PODS_ROOT}/Manifest.lock",
			);
			name = "[CP] Check Pods Manifest.lock";
			outputFileListPaths = (
			);
			outputPaths = (
				"$(DERIVED_FILE_DIR)/Pods-SelfMemo-SelfMemoUITests-checkManifestLockResult.txt",
			);
			runOnlyForDeploymentPostprocessing = 0;
			shellPath = /bin/sh;
			shellScript = "diff \"${PODS_PODFILE_DIR_PATH}/Podfile.lock\" \"${PODS_ROOT}/Manifest.lock\" > /dev/null\nif [ $? != 0 ] ; then\n    # print error to STDERR\n    echo \"error: The sandbox is not in sync with the Podfile.lock. Run 'pod install' or update your CocoaPods installation.\" >&2\n    exit 1\nfi\n# This output is used by Xcode 'outputs' to avoid re-running this script phase.\necho \"SUCCESS\" > \"${SCRIPT_OUTPUT_FILE_0}\"\n";
			showEnvVarsInLog = 0;
		};
		AECEBD259107CDF7B0C9B528 /* [CP] Check Pods Manifest.lock */ = {
			isa = PBXShellScriptBuildPhase;
			buildActionMask = 2147483647;
			files = (
			);
			inputFileListPaths = (
			);
			inputPaths = (
				"${PODS_PODFILE_DIR_PATH}/Podfile.lock",
				"${PODS_ROOT}/Manifest.lock",
			);
			name = "[CP] Check Pods Manifest.lock";
			outputFileListPaths = (
			);
			outputPaths = (
				"$(DERIVED_FILE_DIR)/Pods-SelfMemoTests-checkManifestLockResult.txt",
			);
			runOnlyForDeploymentPostprocessing = 0;
			shellPath = /bin/sh;
			shellScript = "diff \"${PODS_PODFILE_DIR_PATH}/Podfile.lock\" \"${PODS_ROOT}/Manifest.lock\" > /dev/null\nif [ $? != 0 ] ; then\n    # print error to STDERR\n    echo \"error: The sandbox is not in sync with the Podfile.lock. Run 'pod install' or update your CocoaPods installation.\" >&2\n    exit 1\nfi\n# This output is used by Xcode 'outputs' to avoid re-running this script phase.\necho \"SUCCESS\" > \"${SCRIPT_OUTPUT_FILE_0}\"\n";
			showEnvVarsInLog = 0;
		};
/* End PBXShellScriptBuildPhase section */

/* Begin PBXSourcesBuildPhase section */
		F5A6596E277B424400BAFA3C /* Sources */ = {
			isa = PBXSourcesBuildPhase;
			buildActionMask = 2147483647;
			files = (
				F5A659AE277C505800BAFA3C /* ListViewModel.swift in Sources */,
				F5A659AC277C502500BAFA3C /* ListView.swift in Sources */,
				F52B10FC277D999D000099B8 /* AddView.swift in Sources */,
				F5AB6914277EFFBB00C96F59 /* SettingView.swift in Sources */,
				F5A65978277B424400BAFA3C /* ContentView.swift in Sources */,
				F5A659AA277C501900BAFA3C /* SelfMemo.swift in Sources */,
				F5A65976277B424400BAFA3C /* SelfMemoApp.swift in Sources */,
			);
			runOnlyForDeploymentPostprocessing = 0;
		};
		F5A6597E277B424600BAFA3C /* Sources */ = {
			isa = PBXSourcesBuildPhase;
			buildActionMask = 2147483647;
			files = (
				F5A65987277B424600BAFA3C /* SelfMemoTests.swift in Sources */,
			);
			runOnlyForDeploymentPostprocessing = 0;
		};
		F5A65988277B424600BAFA3C /* Sources */ = {
			isa = PBXSourcesBuildPhase;
			buildActionMask = 2147483647;
			files = (
				F5A65993277B424600BAFA3C /* SelfMemoUITestsLaunchTests.swift in Sources */,
				F5A65991277B424600BAFA3C /* SelfMemoUITests.swift in Sources */,
			);
			runOnlyForDeploymentPostprocessing = 0;
		};
/* End PBXSourcesBuildPhase section */

/* Begin PBXTargetDependency section */
		F5A65984277B424600BAFA3C /* PBXTargetDependency */ = {
			isa = PBXTargetDependency;
			target = F5A65971277B424400BAFA3C /* SelfMemo */;
			targetProxy = F5A65983277B424600BAFA3C /* PBXContainerItemProxy */;
		};
		F5A6598E277B424600BAFA3C /* PBXTargetDependency */ = {
			isa = PBXTargetDependency;
			target = F5A65971277B424400BAFA3C /* SelfMemo */;
			targetProxy = F5A6598D277B424600BAFA3C /* PBXContainerItemProxy */;
		};
/* End PBXTargetDependency section */

/* Begin XCBuildConfiguration section */
		F5A65994277B424600BAFA3C /* Debug */ = {
			isa = XCBuildConfiguration;
			buildSettings = {
				ALWAYS_SEARCH_USER_PATHS = NO;
				CLANG_ANALYZER_NONNULL = YES;
				CLANG_ANALYZER_NUMBER_OBJECT_CONVERSION = YES_AGGRESSIVE;
				CLANG_CXX_LANGUAGE_STANDARD = "gnu++17";
				CLANG_CXX_LIBRARY = "libc++";
				CLANG_ENABLE_MODULES = YES;
				CLANG_ENABLE_OBJC_ARC = YES;
				CLANG_ENABLE_OBJC_WEAK = YES;
				CLANG_WARN_BLOCK_CAPTURE_AUTORELEASING = YES;
				CLANG_WARN_BOOL_CONVERSION = YES;
				CLANG_WARN_COMMA = YES;
				CLANG_WARN_CONSTANT_CONVERSION = YES;
				CLANG_WARN_DEPRECATED_OBJC_IMPLEMENTATIONS = YES;
				CLANG_WARN_DIRECT_OBJC_ISA_USAGE = YES_ERROR;
				CLANG_WARN_DOCUMENTATION_COMMENTS = YES;
				CLANG_WARN_EMPTY_BODY = YES;
				CLANG_WARN_ENUM_CONVERSION = YES;
				CLANG_WARN_INFINITE_RECURSION = YES;
				CLANG_WARN_INT_CONVERSION = YES;
				CLANG_WARN_NON_LITERAL_NULL_CONVERSION = YES;
				CLANG_WARN_OBJC_IMPLICIT_RETAIN_SELF = YES;
				CLANG_WARN_OBJC_LITERAL_CONVERSION = YES;
				CLANG_WARN_OBJC_ROOT_CLASS = YES_ERROR;
				CLANG_WARN_QUOTED_INCLUDE_IN_FRAMEWORK_HEADER = YES;
				CLANG_WARN_RANGE_LOOP_ANALYSIS = YES;
				CLANG_WARN_STRICT_PROTOTYPES = YES;
				CLANG_WARN_SUSPICIOUS_MOVE = YES;
				CLANG_WARN_UNGUARDED_AVAILABILITY = YES_AGGRESSIVE;
				CLANG_WARN_UNREACHABLE_CODE = YES;
				CLANG_WARN__DUPLICATE_METHOD_MATCH = YES;
				COPY_PHASE_STRIP = NO;
				DEBUG_INFORMATION_FORMAT = dwarf;
				ENABLE_STRICT_OBJC_MSGSEND = YES;
				ENABLE_TESTABILITY = YES;
				GCC_C_LANGUAGE_STANDARD = gnu11;
				GCC_DYNAMIC_NO_PIC = NO;
				GCC_NO_COMMON_BLOCKS = YES;
				GCC_OPTIMIZATION_LEVEL = 0;
				GCC_PREPROCESSOR_DEFINITIONS = (
					"DEBUG=1",
					"$(inherited)",
				);
				GCC_WARN_64_TO_32_BIT_CONVERSION = YES;
				GCC_WARN_ABOUT_RETURN_TYPE = YES_ERROR;
				GCC_WARN_UNDECLARED_SELECTOR = YES;
				GCC_WARN_UNINITIALIZED_AUTOS = YES_AGGRESSIVE;
				GCC_WARN_UNUSED_FUNCTION = YES;
				GCC_WARN_UNUSED_VARIABLE = YES;
				IPHONEOS_DEPLOYMENT_TARGET = 15.0;
				MTL_ENABLE_DEBUG_INFO = INCLUDE_SOURCE;
				MTL_FAST_MATH = YES;
				ONLY_ACTIVE_ARCH = YES;
				SDKROOT = iphoneos;
				SWIFT_ACTIVE_COMPILATION_CONDITIONS = DEBUG;
				SWIFT_OPTIMIZATION_LEVEL = "-Onone";
			};
			name = Debug;
		};
		F5A65995277B424600BAFA3C /* Release */ = {
			isa = XCBuildConfiguration;
			buildSettings = {
				ALWAYS_SEARCH_USER_PATHS = NO;
				CLANG_ANALYZER_NONNULL = YES;
				CLANG_ANALYZER_NUMBER_OBJECT_CONVERSION = YES_AGGRESSIVE;
				CLANG_CXX_LANGUAGE_STANDARD = "gnu++17";
				CLANG_CXX_LIBRARY = "libc++";
				CLANG_ENABLE_MODULES = YES;
				CLANG_ENABLE_OBJC_ARC = YES;
				CLANG_ENABLE_OBJC_WEAK = YES;
				CLANG_WARN_BLOCK_CAPTURE_AUTORELEASING = YES;
				CLANG_WARN_BOOL_CONVERSION = YES;
				CLANG_WARN_COMMA = YES;
				CLANG_WARN_CONSTANT_CONVERSION = YES;
				CLANG_WARN_DEPRECATED_OBJC_IMPLEMENTATIONS = YES;
				CLANG_WARN_DIRECT_OBJC_ISA_USAGE = YES_ERROR;
				CLANG_WARN_DOCUMENTATION_COMMENTS = YES;
				CLANG_WARN_EMPTY_BODY = YES;
				CLANG_WARN_ENUM_CONVERSION = YES;
				CLANG_WARN_INFINITE_RECURSION = YES;
				CLANG_WARN_INT_CONVERSION = YES;
				CLANG_WARN_NON_LITERAL_NULL_CONVERSION = YES;
				CLANG_WARN_OBJC_IMPLICIT_RETAIN_SELF = YES;
				CLANG_WARN_OBJC_LITERAL_CONVERSION = YES;
				CLANG_WARN_OBJC_ROOT_CLASS = YES_ERROR;
				CLANG_WARN_QUOTED_INCLUDE_IN_FRAMEWORK_HEADER = YES;
				CLANG_WARN_RANGE_LOOP_ANALYSIS = YES;
				CLANG_WARN_STRICT_PROTOTYPES = YES;
				CLANG_WARN_SUSPICIOUS_MOVE = YES;
				CLANG_WARN_UNGUARDED_AVAILABILITY = YES_AGGRESSIVE;
				CLANG_WARN_UNREACHABLE_CODE = YES;
				CLANG_WARN__DUPLICATE_METHOD_MATCH = YES;
				COPY_PHASE_STRIP = NO;
				DEBUG_INFORMATION_FORMAT = "dwarf-with-dsym";
				ENABLE_NS_ASSERTIONS = NO;
				ENABLE_STRICT_OBJC_MSGSEND = YES;
				GCC_C_LANGUAGE_STANDARD = gnu11;
				GCC_NO_COMMON_BLOCKS = YES;
				GCC_WARN_64_TO_32_BIT_CONVERSION = YES;
				GCC_WARN_ABOUT_RETURN_TYPE = YES_ERROR;
				GCC_WARN_UNDECLARED_SELECTOR = YES;
				GCC_WARN_UNINITIALIZED_AUTOS = YES_AGGRESSIVE;
				GCC_WARN_UNUSED_FUNCTION = YES;
				GCC_WARN_UNUSED_VARIABLE = YES;
				IPHONEOS_DEPLOYMENT_TARGET = 15.0;
				MTL_ENABLE_DEBUG_INFO = NO;
				MTL_FAST_MATH = YES;
				SDKROOT = iphoneos;
				SWIFT_COMPILATION_MODE = wholemodule;
				SWIFT_OPTIMIZATION_LEVEL = "-O";
				VALIDATE_PRODUCT = YES;
			};
			name = Release;
		};
		F5A65997277B424600BAFA3C /* Debug */ = {
			isa = XCBuildConfiguration;
			baseConfigurationReference = FF492FDA09F4854AC1FAA5F4 /* Pods-SelfMemo.debug.xcconfig */;
			buildSettings = {
				ASSETCATALOG_COMPILER_APPICON_NAME = AppIcon;
				ASSETCATALOG_COMPILER_GLOBAL_ACCENT_COLOR_NAME = AccentColor;
				CODE_SIGN_STYLE = Automatic;
				CURRENT_PROJECT_VERSION = 1;
				DEVELOPMENT_ASSET_PATHS = "\"SelfMemo/Preview Content\"";
				DEVELOPMENT_TEAM = 65Q9A6LSXQ;
				ENABLE_PREVIEWS = YES;
				GENERATE_INFOPLIST_FILE = YES;
				INFOPLIST_KEY_UIApplicationSceneManifest_Generation = YES;
				INFOPLIST_KEY_UIApplicationSupportsIndirectInputEvents = YES;
				INFOPLIST_KEY_UILaunchScreen_Generation = YES;
				INFOPLIST_KEY_UISupportedInterfaceOrientations_iPad = "UIInterfaceOrientationPortrait UIInterfaceOrientationPortraitUpsideDown UIInterfaceOrientationLandscapeLeft UIInterfaceOrientationLandscapeRight";
				INFOPLIST_KEY_UISupportedInterfaceOrientations_iPhone = "UIInterfaceOrientationPortrait UIInterfaceOrientationLandscapeLeft UIInterfaceOrientationLandscapeRight";
				LD_RUNPATH_SEARCH_PATHS = (
					"$(inherited)",
					"@executable_path/Frameworks",
				);
				MARKETING_VERSION = 1.0;
				PRODUCT_BUNDLE_IDENTIFIER = YutaManaka.SelfMemo;
				PRODUCT_NAME = "$(TARGET_NAME)";
				SWIFT_EMIT_LOC_STRINGS = YES;
				SWIFT_VERSION = 5.0;
				TARGETED_DEVICE_FAMILY = "1,2";
			};
			name = Debug;
		};
		F5A65998277B424600BAFA3C /* Release */ = {
			isa = XCBuildConfiguration;
			baseConfigurationReference = 6C55234E08A53D3957E98C50 /* Pods-SelfMemo.release.xcconfig */;
			buildSettings = {
				ASSETCATALOG_COMPILER_APPICON_NAME = AppIcon;
				ASSETCATALOG_COMPILER_GLOBAL_ACCENT_COLOR_NAME = AccentColor;
				CODE_SIGN_STYLE = Automatic;
				CURRENT_PROJECT_VERSION = 1;
				DEVELOPMENT_ASSET_PATHS = "\"SelfMemo/Preview Content\"";
				DEVELOPMENT_TEAM = 65Q9A6LSXQ;
				ENABLE_PREVIEWS = YES;
				GENERATE_INFOPLIST_FILE = YES;
				INFOPLIST_KEY_UIApplicationSceneManifest_Generation = YES;
				INFOPLIST_KEY_UIApplicationSupportsIndirectInputEvents = YES;
				INFOPLIST_KEY_UILaunchScreen_Generation = YES;
				INFOPLIST_KEY_UISupportedInterfaceOrientations_iPad = "UIInterfaceOrientationPortrait UIInterfaceOrientationPortraitUpsideDown UIInterfaceOrientationLandscapeLeft UIInterfaceOrientationLandscapeRight";
				INFOPLIST_KEY_UISupportedInterfaceOrientations_iPhone = "UIInterfaceOrientationPortrait UIInterfaceOrientationLandscapeLeft UIInterfaceOrientationLandscapeRight";
				LD_RUNPATH_SEARCH_PATHS = (
					"$(inherited)",
					"@executable_path/Frameworks",
				);
				MARKETING_VERSION = 1.0;
				PRODUCT_BUNDLE_IDENTIFIER = YutaManaka.SelfMemo;
				PRODUCT_NAME = "$(TARGET_NAME)";
				SWIFT_EMIT_LOC_STRINGS = YES;
				SWIFT_VERSION = 5.0;
				TARGETED_DEVICE_FAMILY = "1,2";
			};
			name = Release;
		};
		F5A6599A277B424600BAFA3C /* Debug */ = {
			isa = XCBuildConfiguration;
			baseConfigurationReference = 5A36D435CA701CC31F35BBD4 /* Pods-SelfMemoTests.debug.xcconfig */;
			buildSettings = {
				ALWAYS_EMBED_SWIFT_STANDARD_LIBRARIES = YES;
				BUNDLE_LOADER = "$(TEST_HOST)";
				CODE_SIGN_STYLE = Automatic;
				CURRENT_PROJECT_VERSION = 1;
				DEVELOPMENT_TEAM = 65Q9A6LSXQ;
				GENERATE_INFOPLIST_FILE = YES;
				IPHONEOS_DEPLOYMENT_TARGET = 15.0;
				LD_RUNPATH_SEARCH_PATHS = (
					"$(inherited)",
					"@executable_path/Frameworks",
					"@loader_path/Frameworks",
				);
				MARKETING_VERSION = 1.0;
				PRODUCT_BUNDLE_IDENTIFIER = YutaManaka.SelfMemoTests;
				PRODUCT_NAME = "$(TARGET_NAME)";
				SWIFT_EMIT_LOC_STRINGS = NO;
				SWIFT_VERSION = 5.0;
				TARGETED_DEVICE_FAMILY = "1,2";
				TEST_HOST = "$(BUILT_PRODUCTS_DIR)/SelfMemo.app/SelfMemo";
			};
			name = Debug;
		};
		F5A6599B277B424600BAFA3C /* Release */ = {
			isa = XCBuildConfiguration;
			baseConfigurationReference = 53E569A63611087809C54466 /* Pods-SelfMemoTests.release.xcconfig */;
			buildSettings = {
				ALWAYS_EMBED_SWIFT_STANDARD_LIBRARIES = YES;
				BUNDLE_LOADER = "$(TEST_HOST)";
				CODE_SIGN_STYLE = Automatic;
				CURRENT_PROJECT_VERSION = 1;
				DEVELOPMENT_TEAM = 65Q9A6LSXQ;
				GENERATE_INFOPLIST_FILE = YES;
				IPHONEOS_DEPLOYMENT_TARGET = 15.0;
				LD_RUNPATH_SEARCH_PATHS = (
					"$(inherited)",
					"@executable_path/Frameworks",
					"@loader_path/Frameworks",
				);
				MARKETING_VERSION = 1.0;
				PRODUCT_BUNDLE_IDENTIFIER = YutaManaka.SelfMemoTests;
				PRODUCT_NAME = "$(TARGET_NAME)";
				SWIFT_EMIT_LOC_STRINGS = NO;
				SWIFT_VERSION = 5.0;
				TARGETED_DEVICE_FAMILY = "1,2";
				TEST_HOST = "$(BUILT_PRODUCTS_DIR)/SelfMemo.app/SelfMemo";
			};
			name = Release;
		};
		F5A6599D277B424600BAFA3C /* Debug */ = {
			isa = XCBuildConfiguration;
			baseConfigurationReference = 61C1A969A920004C1C87375B /* Pods-SelfMemo-SelfMemoUITests.debug.xcconfig */;
			buildSettings = {
				ALWAYS_EMBED_SWIFT_STANDARD_LIBRARIES = YES;
				CODE_SIGN_STYLE = Automatic;
				CURRENT_PROJECT_VERSION = 1;
				DEVELOPMENT_TEAM = 65Q9A6LSXQ;
				GENERATE_INFOPLIST_FILE = YES;
				LD_RUNPATH_SEARCH_PATHS = (
					"$(inherited)",
					"@executable_path/Frameworks",
					"@loader_path/Frameworks",
				);
				MARKETING_VERSION = 1.0;
				PRODUCT_BUNDLE_IDENTIFIER = YutaManaka.SelfMemoUITests;
				PRODUCT_NAME = "$(TARGET_NAME)";
				SWIFT_EMIT_LOC_STRINGS = NO;
				SWIFT_VERSION = 5.0;
				TARGETED_DEVICE_FAMILY = "1,2";
				TEST_TARGET_NAME = SelfMemo;
			};
			name = Debug;
		};
		F5A6599E277B424600BAFA3C /* Release */ = {
			isa = XCBuildConfiguration;
			baseConfigurationReference = 3DC6208983277FE25B0A5199 /* Pods-SelfMemo-SelfMemoUITests.release.xcconfig */;
			buildSettings = {
				ALWAYS_EMBED_SWIFT_STANDARD_LIBRARIES = YES;
				CODE_SIGN_STYLE = Automatic;
				CURRENT_PROJECT_VERSION = 1;
				DEVELOPMENT_TEAM = 65Q9A6LSXQ;
				GENERATE_INFOPLIST_FILE = YES;
				LD_RUNPATH_SEARCH_PATHS = (
					"$(inherited)",
					"@executable_path/Frameworks",
					"@loader_path/Frameworks",
				);
				MARKETING_VERSION = 1.0;
				PRODUCT_BUNDLE_IDENTIFIER = YutaManaka.SelfMemoUITests;
				PRODUCT_NAME = "$(TARGET_NAME)";
				SWIFT_EMIT_LOC_STRINGS = NO;
				SWIFT_VERSION = 5.0;
				TARGETED_DEVICE_FAMILY = "1,2";
				TEST_TARGET_NAME = SelfMemo;
			};
			name = Release;
		};
/* End XCBuildConfiguration section */

/* Begin XCConfigurationList section */
		F5A6596D277B424400BAFA3C /* Build configuration list for PBXProject "SelfMemo" */ = {
			isa = XCConfigurationList;
			buildConfigurations = (
				F5A65994277B424600BAFA3C /* Debug */,
				F5A65995277B424600BAFA3C /* Release */,
			);
			defaultConfigurationIsVisible = 0;
			defaultConfigurationName = Release;
		};
		F5A65996277B424600BAFA3C /* Build configuration list for PBXNativeTarget "SelfMemo" */ = {
			isa = XCConfigurationList;
			buildConfigurations = (
				F5A65997277B424600BAFA3C /* Debug */,
				F5A65998277B424600BAFA3C /* Release */,
			);
			defaultConfigurationIsVisible = 0;
			defaultConfigurationName = Release;
		};
		F5A65999277B424600BAFA3C /* Build configuration list for PBXNativeTarget "SelfMemoTests" */ = {
			isa = XCConfigurationList;
			buildConfigurations = (
				F5A6599A277B424600BAFA3C /* Debug */,
				F5A6599B277B424600BAFA3C /* Release */,
			);
			defaultConfigurationIsVisible = 0;
			defaultConfigurationName = Release;
		};
		F5A6599C277B424600BAFA3C /* Build configuration list for PBXNativeTarget "SelfMemoUITests" */ = {
			isa = XCConfigurationList;
			buildConfigurations = (
				F5A6599D277B424600BAFA3C /* Debug */,
				F5A6599E277B424600BAFA3C /* Release */,
			);
			defaultConfigurationIsVisible = 0;
			defaultConfigurationName = Release;
		};
/* End XCConfigurationList section */
	};
	rootObject = F5A6596A277B424400BAFA3C /* Project object */;
}
